
Microsoft Visual Studio Solution File, Format Version 12.00
# Visual Studio 15
VisualStudioVersion = 15.0.28010.2036
MinimumVisualStudioVersion = 10.0.40219.1
Project("{9A19103F-16F7-4668-BE54-9A1E7A4F7556}") = "KMZI-2k19", "KMZI-2k19\KMZI-2k19.csproj", "{1AFA058B-3FDC-4176-846F-3BE2FFAC292E}"
EndProject
Project("{2150E333-8FDC-42A3-9474-1A3956D46DE8}") = "Tests", "Tests", "{1C523180-4EE2-4A98-96BB-1D9F887E9432}"
EndProject
Project("{9A19103F-16F7-4668-BE54-9A1E7A4F7556}") = "RotorMachineTests", "RotorMachineTests\RotorMachineTests.csproj", "{3DFDF521-0ED6-4F7D-9570-C96ADFF33C83}"
EndProject
Project("{FAE04EC0-301F-11D3-BF4B-00C04F79EFBC}") = "RsaTests", "RsaTests\RsaTests.csproj", "{AC9B1BE7-AE3B-4DE7-915B-369014318380}"
EndProject
Global
	GlobalSection(SolutionConfigurationPlatforms) = preSolution
		Debug|Any CPU = Debug|Any CPU
		Release|Any CPU = Release|Any CPU
	EndGlobalSection
	GlobalSection(ProjectConfigurationPlatforms) = postSolution
		{1AFA058B-3FDC-4176-846F-3BE2FFAC292E}.Debug|Any CPU.ActiveCfg = Debug|Any CPU
		{1AFA058B-3FDC-4176-846F-3BE2FFAC292E}.Debug|Any CPU.Build.0 = Debug|Any CPU
		{1AFA058B-3FDC-4176-846F-3BE2FFAC292E}.Release|Any CPU.ActiveCfg = Release|Any CPU
		{1AFA058B-3FDC-4176-846F-3BE2FFAC292E}.Release|Any CPU.Build.0 = Release|Any CPU
		{3DFDF521-0ED6-4F7D-9570-C96ADFF33C83}.Debug|Any CPU.ActiveCfg = Debug|Any CPU
		{3DFDF521-0ED6-4F7D-9570-C96ADFF33C83}.Debug|Any CPU.Build.0 = Debug|Any CPU
		{3DFDF521-0ED6-4F7D-9570-C96ADFF33C83}.Release|Any CPU.ActiveCfg = Release|Any CPU
		{3DFDF521-0ED6-4F7D-9570-C96ADFF33C83}.Release|Any CPU.Build.0 = Release|Any CPU
		{AC9B1BE7-AE3B-4DE7-915B-369014318380}.Debug|Any CPU.ActiveCfg = Debug|Any CPU
		{AC9B1BE7-AE3B-4DE7-915B-369014318380}.Debug|Any CPU.Build.0 = Debug|Any CPU
		{AC9B1BE7-AE3B-4DE7-915B-369014318380}.Release|Any CPU.ActiveCfg = Release|Any CPU
		{AC9B1BE7-AE3B-4DE7-915B-369014318380}.Release|Any CPU.Build.0 = Release|Any CPU
	EndGlobalSection
	GlobalSection(SolutionProperties) = preSolution
		HideSolutionNode = FALSE
	EndGlobalSection
	GlobalSection(NestedProjects) = preSolution
		{3DFDF521-0ED6-4F7D-9570-C96ADFF33C83} = {1C523180-4EE2-4A98-96BB-1D9F887E9432}
		{AC9B1BE7-AE3B-4DE7-915B-369014318380} = {1C523180-4EE2-4A98-96BB-1D9F887E9432}
	EndGlobalSection
	GlobalSection(ExtensibilityGlobals) = postSolution
		SolutionGuid = {ED932D79-BDC1-429E-AEC4-80D2CC8D8910}
	EndGlobalSection
EndGlobal
